
Microsoft Visual Studio Solution File, Format Version 12.00
# Visual Studio Version 17
VisualStudioVersion = 17.14.36705.20 d17.14
MinimumVisualStudioVersion = 10.0.40219.1
Project("{FAE04EC0-301F-11D3-BF4B-00C04F79EFBC}") = "ChangedSpecialMod", "ChangedSpecialMod.csproj", "{4D753065-1308-3966-8D01-E5A174BFC48E}"
EndProject
Global
	GlobalSection(SolutionConfigurationPlatforms) = preSolution
		Debug|Any CPU = Debug|Any CPU
		Release|Any CPU = Release|Any CPU
	EndGlobalSection
	GlobalSection(ProjectConfigurationPlatforms) = postSolution
		{4D753065-1308-3966-8D01-E5A174BFC48E}.Debug|Any CPU.ActiveCfg = Debug|Any CPU
		{4D753065-1308-3966-8D01-E5A174BFC48E}.Debug|Any CPU.Build.0 = Debug|Any CPU
		{4D753065-1308-3966-8D01-E5A174BFC48E}.Release|Any CPU.ActiveCfg = Release|Any CPU
		{4D753065-1308-3966-8D01-E5A174BFC48E}.Release|Any CPU.Build.0 = Release|Any CPU
	EndGlobalSection
	GlobalSection(SolutionProperties) = preSolution
		HideSolutionNode = FALSE
	EndGlobalSection
	GlobalSection(ExtensibilityGlobals) = postSolution
		SolutionGuid = {F77688C1-C534-49F2-A1EC-40863442BED1}
	EndGlobalSection
EndGlobal
